{
  "name": "award-scraper-api",
  "lockfileVersion": 3,
  "requires": true,
  "packages": {
    "": {
      "dependencies": {
        "@vendia/serverless-express": "^4.10.1"
      }
    },
    "node_modules/@vendia/serverless-express": {
      "version": "4.10.1",
      "resolved": "https://registry.npmjs.org/@vendia/serverless-express/-/serverless-express-4.10.1.tgz",
      "integrity": "sha512-8FM/GnQ8bbp1fynAWLGzNIy3Hyhoevixwh2Aj8qBPpw7rkbWZ1I7RC2XhZZaTZo/1JTDlff4cDDmkgY0CzUV7g==",
      "engines": {
        "node": ">=12"
      }
    }
  }
}
